// !$*UTF8*$!
{
	archiveVersion = 1;
	classes = {
	};
	objectVersion = 46;
	objects = {

/* Begin PBXBuildFile section */
		AE30896918A4748B00705152 /* Crashlytics.framework in Frameworks */ = {isa = PBXBuildFile; fileRef = AE30896818A4748B00705152 /* Crashlytics.framework */; };
		AE308A3618A4764300705152 /* AdSupport.framework in Frameworks */ = {isa = PBXBuildFile; fileRef = AE308A3518A4764300705152 /* AdSupport.framework */; };
		AE308A3818A4764B00705152 /* CoreData.framework in Frameworks */ = {isa = PBXBuildFile; fileRef = AE308A3718A4764B00705152 /* CoreData.framework */; };
		AE308A3A18A4765500705152 /* SystemConfiguration.framework in Frameworks */ = {isa = PBXBuildFile; fileRef = AE308A3918A4765500705152 /* SystemConfiguration.framework */; };
		AE308A3C18A4765D00705152 /* libz.dylib in Frameworks */ = {isa = PBXBuildFile; fileRef = AE308A3B18A4765D00705152 /* libz.dylib */; };
		AEC6F5DC18999E5200A40AA8 /* Foundation.framework in Frameworks */ = {isa = PBXBuildFile; fileRef = AEC6F5DB18999E5200A40AA8 /* Foundation.framework */; };
		AEC6F5DE18999E5200A40AA8 /* CoreGraphics.framework in Frameworks */ = {isa = PBXBuildFile; fileRef = AEC6F5DD18999E5200A40AA8 /* CoreGraphics.framework */; };
		AEC6F5E018999E5200A40AA8 /* UIKit.framework in Frameworks */ = {isa = PBXBuildFile; fileRef = AEC6F5DF18999E5200A40AA8 /* UIKit.framework */; };
		AEC6F5E218999E5200A40AA8 /* SpriteKit.framework in Frameworks */ = {isa = PBXBuildFile; fileRef = AEC6F5E118999E5200A40AA8 /* SpriteKit.framework */; };
		AEC6F5E818999E5200A40AA8 /* InfoPlist.strings in Resources */ = {isa = PBXBuildFile; fileRef = AEC6F5E618999E5200A40AA8 /* InfoPlist.strings */; };
		AEC6F5EA18999E5200A40AA8 /* main.m in Sources */ = {isa = PBXBuildFile; fileRef = AEC6F5E918999E5200A40AA8 /* main.m */; };
		AEC6F5EE18999E5200A40AA8 /* FPYAppDelegate.m in Sources */ = {isa = PBXBuildFile; fileRef = AEC6F5ED18999E5200A40AA8 /* FPYAppDelegate.m */; };
		AEC6F5F118999E5200A40AA8 /* Main_iPhone.storyboard in Resources */ = {isa = PBXBuildFile; fileRef = AEC6F5EF18999E5200A40AA8 /* Main_iPhone.storyboard */; };
		AEC6F5F418999E5200A40AA8 /* Main_iPad.storyboard in Resources */ = {isa = PBXBuildFile; fileRef = AEC6F5F218999E5200A40AA8 /* Main_iPad.storyboard */; };
		AEC6F5F718999E5200A40AA8 /* FPYViewController.m in Sources */ = {isa = PBXBuildFile; fileRef = AEC6F5F618999E5200A40AA8 /* FPYViewController.m */; };
		AEC6F5FA18999E5200A40AA8 /* FPYMyScene.m in Sources */ = {isa = PBXBuildFile; fileRef = AEC6F5F918999E5200A40AA8 /* FPYMyScene.m */; };
		AEC6F5FE18999E5200A40AA8 /* Images.xcassets in Resources */ = {isa = PBXBuildFile; fileRef = AEC6F5FD18999E5200A40AA8 /* Images.xcassets */; };
		AEC6F60518999E5200A40AA8 /* XCTest.framework in Frameworks */ = {isa = PBXBuildFile; fileRef = AEC6F60418999E5200A40AA8 /* XCTest.framework */; };
		AEC6F60618999E5200A40AA8 /* Foundation.framework in Frameworks */ = {isa = PBXBuildFile; fileRef = AEC6F5DB18999E5200A40AA8 /* Foundation.framework */; };
		AEC6F60718999E5200A40AA8 /* UIKit.framework in Frameworks */ = {isa = PBXBuildFile; fileRef = AEC6F5DF18999E5200A40AA8 /* UIKit.framework */; };
		AEC6F60F18999E5200A40AA8 /* InfoPlist.strings in Resources */ = {isa = PBXBuildFile; fileRef = AEC6F60D18999E5200A40AA8 /* InfoPlist.strings */; };
		AEC6F61118999E5200A40AA8 /* Floppy_FishTests.m in Sources */ = {isa = PBXBuildFile; fileRef = AEC6F61018999E5200A40AA8 /* Floppy_FishTests.m */; };
		AEC6F61C18999E8E00A40AA8 /* SKBButtonNode.m in Sources */ = {isa = PBXBuildFile; fileRef = AEC6F61B18999E8E00A40AA8 /* SKBButtonNode.m */; };
		AEC6F6231899B1ED00A40AA8 /* FPYPlayScene.m in Sources */ = {isa = PBXBuildFile; fileRef = AEC6F6221899B1ED00A40AA8 /* FPYPlayScene.m */; };
		AED5246618A02D8800A0D6E0 /* FPYScoreFormatter.m in Sources */ = {isa = PBXBuildFile; fileRef = AED5246518A02D8800A0D6E0 /* FPYScoreFormatter.m */; };
/* End PBXBuildFile section */

/* Begin PBXContainerItemProxy section */
		AEC6F60818999E5200A40AA8 /* PBXContainerItemProxy */ = {
			isa = PBXContainerItemProxy;
			containerPortal = AEC6F5D018999E5200A40AA8 /* Project object */;
			proxyType = 1;
			remoteGlobalIDString = AEC6F5D718999E5200A40AA8;
			remoteInfo = "Floppy Fish";
		};
/* End PBXContainerItemProxy section */

/* Begin PBXFileReference section */
		AE30896818A4748B00705152 /* Crashlytics.framework */ = {isa = PBXFileReference; lastKnownFileType = wrapper.framework; path = Crashlytics.framework; sourceTree = "<group>"; };
		AE308A3518A4764300705152 /* AdSupport.framework */ = {isa = PBXFileReference; lastKnownFileType = wrapper.framework; name = AdSupport.framework; path = System/Library/Frameworks/AdSupport.framework; sourceTree = SDKROOT; };
		AE308A3718A4764B00705152 /* CoreData.framework */ = {isa = PBXFileReference; lastKnownFileType = wrapper.framework; name = CoreData.framework; path = System/Library/Frameworks/CoreData.framework; sourceTree = SDKROOT; };
		AE308A3918A4765500705152 /* SystemConfiguration.framework */ = {isa = PBXFileReference; lastKnownFileType = wrapper.framework; name = SystemConfiguration.framework; path = System/Library/Frameworks/SystemConfiguration.framework; sourceTree = SDKROOT; };
		AE308A3B18A4765D00705152 /* libz.dylib */ = {isa = PBXFileReference; lastKnownFileType = "compiled.mach-o.dylib"; name = libz.dylib; path = usr/lib/libz.dylib; sourceTree = SDKROOT; };
		AEC6F5D818999E5200A40AA8 /* Fish Dash.app */ = {isa = PBXFileReference; explicitFileType = wrapper.application; includeInIndex = 0; path = "Fish Dash.app"; sourceTree = BUILT_PRODUCTS_DIR; };
		AEC6F5DB18999E5200A40AA8 /* Foundation.framework */ = {isa = PBXFileReference; lastKnownFileType = wrapper.framework; name = Foundation.framework; path = System/Library/Frameworks/Foundation.framework; sourceTree = SDKROOT; };
		AEC6F5DD18999E5200A40AA8 /* CoreGraphics.framework */ = {isa = PBXFileReference; lastKnownFileType = wrapper.framework; name = CoreGraphics.framework; path = System/Library/Frameworks/CoreGraphics.framework; sourceTree = SDKROOT; };
		AEC6F5DF18999E5200A40AA8 /* UIKit.framework */ = {isa = PBXFileReference; lastKnownFileType = wrapper.framework; name = UIKit.framework; path = System/Library/Frameworks/UIKit.framework; sourceTree = SDKROOT; };
		AEC6F5E118999E5200A40AA8 /* SpriteKit.framework */ = {isa = PBXFileReference; lastKnownFileType = wrapper.framework; name = SpriteKit.framework; path = System/Library/Frameworks/SpriteKit.framework; sourceTree = SDKROOT; };
		AEC6F5E518999E5200A40AA8 /* Fish Dash-Info.plist */ = {isa = PBXFileReference; lastKnownFileType = text.plist.xml; path = "Fish Dash-Info.plist"; sourceTree = "<group>"; };
		AEC6F5E718999E5200A40AA8 /* en */ = {isa = PBXFileReference; lastKnownFileType = text.plist.strings; name = en; path = en.lproj/InfoPlist.strings; sourceTree = "<group>"; };
		AEC6F5E918999E5200A40AA8 /* main.m */ = {isa = PBXFileReference; lastKnownFileType = sourcecode.c.objc; path = main.m; sourceTree = "<group>"; };
		AEC6F5EB18999E5200A40AA8 /* Fish Dash-Prefix.pch */ = {isa = PBXFileReference; lastKnownFileType = sourcecode.c.h; path = "Fish Dash-Prefix.pch"; sourceTree = "<group>"; };
		AEC6F5EC18999E5200A40AA8 /* FPYAppDelegate.h */ = {isa = PBXFileReference; lastKnownFileType = sourcecode.c.h; path = FPYAppDelegate.h; sourceTree = "<group>"; };
		AEC6F5ED18999E5200A40AA8 /* FPYAppDelegate.m */ = {isa = PBXFileReference; lastKnownFileType = sourcecode.c.objc; path = FPYAppDelegate.m; sourceTree = "<group>"; };
		AEC6F5F018999E5200A40AA8 /* Base */ = {isa = PBXFileReference; lastKnownFileType = file.storyboard; name = Base; path = Base.lproj/Main_iPhone.storyboard; sourceTree = "<group>"; };
		AEC6F5F318999E5200A40AA8 /* Base */ = {isa = PBXFileReference; lastKnownFileType = file.storyboard; name = Base; path = Base.lproj/Main_iPad.storyboard; sourceTree = "<group>"; };
		AEC6F5F518999E5200A40AA8 /* FPYViewController.h */ = {isa = PBXFileReference; lastKnownFileType = sourcecode.c.h; path = FPYViewController.h; sourceTree = "<group>"; };
		AEC6F5F618999E5200A40AA8 /* FPYViewController.m */ = {isa = PBXFileReference; lastKnownFileType = sourcecode.c.objc; path = FPYViewController.m; sourceTree = "<group>"; };
		AEC6F5F818999E5200A40AA8 /* FPYMyScene.h */ = {isa = PBXFileReference; lastKnownFileType = sourcecode.c.h; path = FPYMyScene.h; sourceTree = "<group>"; };
		AEC6F5F918999E5200A40AA8 /* FPYMyScene.m */ = {isa = PBXFileReference; lastKnownFileType = sourcecode.c.objc; path = FPYMyScene.m; sourceTree = "<group>"; };
		AEC6F5FD18999E5200A40AA8 /* Images.xcassets */ = {isa = PBXFileReference; lastKnownFileType = folder.assetcatalog; path = Images.xcassets; sourceTree = "<group>"; };
		AEC6F60318999E5200A40AA8 /* Fish DashTests.xctest */ = {isa = PBXFileReference; explicitFileType = wrapper.cfbundle; includeInIndex = 0; path = "Fish DashTests.xctest"; sourceTree = BUILT_PRODUCTS_DIR; };
		AEC6F60418999E5200A40AA8 /* XCTest.framework */ = {isa = PBXFileReference; lastKnownFileType = wrapper.framework; name = XCTest.framework; path = Library/Frameworks/XCTest.framework; sourceTree = DEVELOPER_DIR; };
		AEC6F60C18999E5200A40AA8 /* Fish DashTests-Info.plist */ = {isa = PBXFileReference; lastKnownFileType = text.plist.xml; path = "Fish DashTests-Info.plist"; sourceTree = "<group>"; };
		AEC6F60E18999E5200A40AA8 /* en */ = {isa = PBXFileReference; lastKnownFileType = text.plist.strings; name = en; path = en.lproj/InfoPlist.strings; sourceTree = "<group>"; };
		AEC6F61018999E5200A40AA8 /* Floppy_FishTests.m */ = {isa = PBXFileReference; lastKnownFileType = sourcecode.c.objc; path = Floppy_FishTests.m; sourceTree = "<group>"; };
		AEC6F61A18999E8E00A40AA8 /* SKBButtonNode.h */ = {isa = PBXFileReference; fileEncoding = 4; lastKnownFileType = sourcecode.c.h; name = SKBButtonNode.h; path = ../SKBButtonNode.h; sourceTree = "<group>"; };
		AEC6F61B18999E8E00A40AA8 /* SKBButtonNode.m */ = {isa = PBXFileReference; fileEncoding = 4; lastKnownFileType = sourcecode.c.objc; name = SKBButtonNode.m; path = ../SKBButtonNode.m; sourceTree = "<group>"; };
		AEC6F6211899B1ED00A40AA8 /* FPYPlayScene.h */ = {isa = PBXFileReference; fileEncoding = 4; lastKnownFileType = sourcecode.c.h; path = FPYPlayScene.h; sourceTree = "<group>"; };
		AEC6F6221899B1ED00A40AA8 /* FPYPlayScene.m */ = {isa = PBXFileReference; fileEncoding = 4; lastKnownFileType = sourcecode.c.objc; path = FPYPlayScene.m; sourceTree = "<group>"; };
		AED5246418A02D8800A0D6E0 /* FPYScoreFormatter.h */ = {isa = PBXFileReference; fileEncoding = 4; lastKnownFileType = sourcecode.c.h; path = FPYScoreFormatter.h; sourceTree = "<group>"; };
		AED5246518A02D8800A0D6E0 /* FPYScoreFormatter.m */ = {isa = PBXFileReference; fileEncoding = 4; lastKnownFileType = sourcecode.c.objc; path = FPYScoreFormatter.m; sourceTree = "<group>"; };
/* End PBXFileReference section */

/* Begin PBXFrameworksBuildPhase section */
		AEC6F5D518999E5200A40AA8 /* Frameworks */ = {
			isa = PBXFrameworksBuildPhase;
			buildActionMask = 2147483647;
			files = (
				AE308A3C18A4765D00705152 /* libz.dylib in Frameworks */,
				AE308A3A18A4765500705152 /* SystemConfiguration.framework in Frameworks */,
				AE308A3818A4764B00705152 /* CoreData.framework in Frameworks */,
				AE308A3618A4764300705152 /* AdSupport.framework in Frameworks */,
				AEC6F5DE18999E5200A40AA8 /* CoreGraphics.framework in Frameworks */,
				AE30896918A4748B00705152 /* Crashlytics.framework in Frameworks */,
				AEC6F5E018999E5200A40AA8 /* UIKit.framework in Frameworks */,
				AEC6F5E218999E5200A40AA8 /* SpriteKit.framework in Frameworks */,
				AEC6F5DC18999E5200A40AA8 /* Foundation.framework in Frameworks */,
			);
			runOnlyForDeploymentPostprocessing = 0;
		};
		AEC6F60018999E5200A40AA8 /* Frameworks */ = {
			isa = PBXFrameworksBuildPhase;
			buildActionMask = 2147483647;
			files = (
				AEC6F60518999E5200A40AA8 /* XCTest.framework in Frameworks */,
				AEC6F60718999E5200A40AA8 /* UIKit.framework in Frameworks */,
				AEC6F60618999E5200A40AA8 /* Foundation.framework in Frameworks */,
			);
			runOnlyForDeploymentPostprocessing = 0;
		};
/* End PBXFrameworksBuildPhase section */

/* Begin PBXGroup section */
		AEC6F5CF18999E5200A40AA8 = {
			isa = PBXGroup;
			children = (
				AEC6F5E318999E5200A40AA8 /* Floppy Fish */,
				AEC6F60A18999E5200A40AA8 /* Floppy FishTests */,
				AEC6F5DA18999E5200A40AA8 /* Frameworks */,
				AEC6F5D918999E5200A40AA8 /* Products */,
			);
			sourceTree = "<group>";
		};
		AEC6F5D918999E5200A40AA8 /* Products */ = {
			isa = PBXGroup;
			children = (
				AEC6F5D818999E5200A40AA8 /* Fish Dash.app */,
				AEC6F60318999E5200A40AA8 /* Fish DashTests.xctest */,
			);
			name = Products;
			sourceTree = "<group>";
		};
		AEC6F5DA18999E5200A40AA8 /* Frameworks */ = {
			isa = PBXGroup;
			children = (
				AE308A3B18A4765D00705152 /* libz.dylib */,
				AE308A3918A4765500705152 /* SystemConfiguration.framework */,
				AE308A3718A4764B00705152 /* CoreData.framework */,
				AE308A3518A4764300705152 /* AdSupport.framework */,
				AE30896818A4748B00705152 /* Crashlytics.framework */,
				AEC6F5DB18999E5200A40AA8 /* Foundation.framework */,
				AEC6F5DD18999E5200A40AA8 /* CoreGraphics.framework */,
				AEC6F5DF18999E5200A40AA8 /* UIKit.framework */,
				AEC6F5E118999E5200A40AA8 /* SpriteKit.framework */,
				AEC6F60418999E5200A40AA8 /* XCTest.framework */,
			);
			name = Frameworks;
			sourceTree = "<group>";
		};
		AEC6F5E318999E5200A40AA8 /* Floppy Fish */ = {
			isa = PBXGroup;
			children = (
				AEC6F5EC18999E5200A40AA8 /* FPYAppDelegate.h */,
				AEC6F5ED18999E5200A40AA8 /* FPYAppDelegate.m */,
				AEC6F62018999EB800A40AA8 /* StoryBoards */,
				AEC6F61F18999EAF00A40AA8 /* View Controllers */,
				AEC6F61E18999EA800A40AA8 /* Scenes */,
				AEC6F61D18999EA000A40AA8 /* Helper Classes */,
				AEC6F5FD18999E5200A40AA8 /* Images.xcassets */,
				AEC6F5E418999E5200A40AA8 /* Supporting Files */,
			);
			path = "Floppy Fish";
			sourceTree = "<group>";
		};
		AEC6F5E418999E5200A40AA8 /* Supporting Files */ = {
			isa = PBXGroup;
			children = (
				AEC6F5E518999E5200A40AA8 /* Fish Dash-Info.plist */,
				AEC6F5E618999E5200A40AA8 /* InfoPlist.strings */,
				AEC6F5E918999E5200A40AA8 /* main.m */,
				AEC6F5EB18999E5200A40AA8 /* Fish Dash-Prefix.pch */,
			);
			name = "Supporting Files";
			sourceTree = "<group>";
		};
		AEC6F60A18999E5200A40AA8 /* Floppy FishTests */ = {
			isa = PBXGroup;
			children = (
				AEC6F61018999E5200A40AA8 /* Floppy_FishTests.m */,
				AEC6F60B18999E5200A40AA8 /* Supporting Files */,
			);
			path = "Floppy FishTests";
			sourceTree = "<group>";
		};
		AEC6F60B18999E5200A40AA8 /* Supporting Files */ = {
			isa = PBXGroup;
			children = (
				AEC6F60C18999E5200A40AA8 /* Fish DashTests-Info.plist */,
				AEC6F60D18999E5200A40AA8 /* InfoPlist.strings */,
			);
			name = "Supporting Files";
			sourceTree = "<group>";
		};
		AEC6F61D18999EA000A40AA8 /* Helper Classes */ = {
			isa = PBXGroup;
			children = (
				AED5246418A02D8800A0D6E0 /* FPYScoreFormatter.h */,
				AED5246518A02D8800A0D6E0 /* FPYScoreFormatter.m */,
				AEC6F61A18999E8E00A40AA8 /* SKBButtonNode.h */,
				AEC6F61B18999E8E00A40AA8 /* SKBButtonNode.m */,
			);
			name = "Helper Classes";
			sourceTree = "<group>";
		};
		AEC6F61E18999EA800A40AA8 /* Scenes */ = {
			isa = PBXGroup;
			children = (
				AEC6F5F818999E5200A40AA8 /* FPYMyScene.h */,
				AEC6F5F918999E5200A40AA8 /* FPYMyScene.m */,
				AEC6F6211899B1ED00A40AA8 /* FPYPlayScene.h */,
				AEC6F6221899B1ED00A40AA8 /* FPYPlayScene.m */,
			);
			name = Scenes;
			sourceTree = "<group>";
		};
		AEC6F61F18999EAF00A40AA8 /* View Controllers */ = {
			isa = PBXGroup;
			children = (
				AEC6F5F518999E5200A40AA8 /* FPYViewController.h */,
				AEC6F5F618999E5200A40AA8 /* FPYViewController.m */,
			);
			name = "View Controllers";
			sourceTree = "<group>";
		};
		AEC6F62018999EB800A40AA8 /* StoryBoards */ = {
			isa = PBXGroup;
			children = (
				AEC6F5EF18999E5200A40AA8 /* Main_iPhone.storyboard */,
				AEC6F5F218999E5200A40AA8 /* Main_iPad.storyboard */,
			);
			name = StoryBoards;
			sourceTree = "<group>";
		};
/* End PBXGroup section */

/* Begin PBXNativeTarget section */
		AEC6F5D718999E5200A40AA8 /* Fish Dash */ = {
			isa = PBXNativeTarget;
			buildConfigurationList = AEC6F61418999E5200A40AA8 /* Build configuration list for PBXNativeTarget "Fish Dash" */;
			buildPhases = (
				AEC6F5D418999E5200A40AA8 /* Sources */,
				AEC6F5D518999E5200A40AA8 /* Frameworks */,
				AEC6F5D618999E5200A40AA8 /* Resources */,
				AE30896718A4747D00705152 /* ShellScript */,
			);
			buildRules = (
			);
			dependencies = (
			);
			name = "Fish Dash";
			productName = "Floppy Fish";
			productReference = AEC6F5D818999E5200A40AA8 /* Fish Dash.app */;
			productType = "com.apple.product-type.application";
		};
		AEC6F60218999E5200A40AA8 /* Fish DashTests */ = {
			isa = PBXNativeTarget;
			buildConfigurationList = AEC6F61718999E5200A40AA8 /* Build configuration list for PBXNativeTarget "Fish DashTests" */;
			buildPhases = (
				AEC6F5FF18999E5200A40AA8 /* Sources */,
				AEC6F60018999E5200A40AA8 /* Frameworks */,
				AEC6F60118999E5200A40AA8 /* Resources */,
			);
			buildRules = (
			);
			dependencies = (
				AEC6F60918999E5200A40AA8 /* PBXTargetDependency */,
			);
			name = "Fish DashTests";
			productName = "Floppy FishTests";
			productReference = AEC6F60318999E5200A40AA8 /* Fish DashTests.xctest */;
			productType = "com.apple.product-type.bundle.unit-test";
		};
/* End PBXNativeTarget section */

/* Begin PBXProject section */
		AEC6F5D018999E5200A40AA8 /* Project object */ = {
			isa = PBXProject;
			attributes = {
				CLASSPREFIX = FPY;
				LastUpgradeCheck = 0500;
				ORGANIZATIONNAME = "Andrew Paterson";
				TargetAttributes = {
					AEC6F5D718999E5200A40AA8 = {
						DevelopmentTeam = HEFSF24EZX;
						SystemCapabilities = {
							com.apple.GameCenter = {
								enabled = 0;
							};
						};
					};
					AEC6F60218999E5200A40AA8 = {
						TestTargetID = AEC6F5D718999E5200A40AA8;
					};
				};
			};
			buildConfigurationList = AEC6F5D318999E5200A40AA8 /* Build configuration list for PBXProject "Fish Dash" */;
			compatibilityVersion = "Xcode 3.2";
			developmentRegion = English;
			hasScannedForEncodings = 0;
			knownRegions = (
				en,
				Base,
			);
			mainGroup = AEC6F5CF18999E5200A40AA8;
			productRefGroup = AEC6F5D918999E5200A40AA8 /* Products */;
			projectDirPath = "";
			projectRoot = "";
			targets = (
				AEC6F5D718999E5200A40AA8 /* Fish Dash */,
				AEC6F60218999E5200A40AA8 /* Fish DashTests */,
			);
		};
/* End PBXProject section */

/* Begin PBXResourcesBuildPhase section */
		AEC6F5D618999E5200A40AA8 /* Resources */ = {
			isa = PBXResourcesBuildPhase;
			buildActionMask = 2147483647;
			files = (
				AEC6F5FE18999E5200A40AA8 /* Images.xcassets in Resources */,
				AEC6F5F418999E5200A40AA8 /* Main_iPad.storyboard in Resources */,
				AEC6F5F118999E5200A40AA8 /* Main_iPhone.storyboard in Resources */,
				AEC6F5E818999E5200A40AA8 /* InfoPlist.strings in Resources */,
			);
			runOnlyForDeploymentPostprocessing = 0;
		};
		AEC6F60118999E5200A40AA8 /* Resources */ = {
			isa = PBXResourcesBuildPhase;
			buildActionMask = 2147483647;
			files = (
				AEC6F60F18999E5200A40AA8 /* InfoPlist.strings in Resources */,
			);
			runOnlyForDeploymentPostprocessing = 0;
		};
/* End PBXResourcesBuildPhase section */

/* Begin PBXShellScriptBuildPhase section */
		AE30896718A4747D00705152 /* ShellScript */ = {
			isa = PBXShellScriptBuildPhase;
			buildActionMask = 2147483647;
			files = (
			);
			inputPaths = (
			);
			outputPaths = (
			);
			runOnlyForDeploymentPostprocessing = 0;
			shellPath = /bin/sh;
			shellScript = "./Crashlytics.framework/run 1c6d125161cfd6155af441bc83d21a64632d815c 0bd63c3e7bccadb5a03117ce104a04e0040a7858af6c8bc5824aed3b65726fbd";
		};
/* End PBXShellScriptBuildPhase section */

/* Begin PBXSourcesBuildPhase section */
		AEC6F5D418999E5200A40AA8 /* Sources */ = {
			isa = PBXSourcesBuildPhase;
			buildActionMask = 2147483647;
			files = (
				AEC6F6231899B1ED00A40AA8 /* FPYPlayScene.m in Sources */,
				AEC6F5EE18999E5200A40AA8 /* FPYAppDelegate.m in Sources */,
				AEC6F5F718999E5200A40AA8 /* FPYViewController.m in Sources */,
				AED5246618A02D8800A0D6E0 /* FPYScoreFormatter.m in Sources */,
				AEC6F5FA18999E5200A40AA8 /* FPYMyScene.m in Sources */,
				AEC6F61C18999E8E00A40AA8 /* SKBButtonNode.m in Sources */,
				AEC6F5EA18999E5200A40AA8 /* main.m in Sources */,
			);
			runOnlyForDeploymentPostprocessing = 0;
		};
		AEC6F5FF18999E5200A40AA8 /* Sources */ = {
			isa = PBXSourcesBuildPhase;
			buildActionMask = 2147483647;
			files = (
				AEC6F61118999E5200A40AA8 /* Floppy_FishTests.m in Sources */,
			);
			runOnlyForDeploymentPostprocessing = 0;
		};
/* End PBXSourcesBuildPhase section */

/* Begin PBXTargetDependency section */
		AEC6F60918999E5200A40AA8 /* PBXTargetDependency */ = {
			isa = PBXTargetDependency;
			target = AEC6F5D718999E5200A40AA8 /* Fish Dash */;
			targetProxy = AEC6F60818999E5200A40AA8 /* PBXContainerItemProxy */;
		};
/* End PBXTargetDependency section */

/* Begin PBXVariantGroup section */
		AEC6F5E618999E5200A40AA8 /* InfoPlist.strings */ = {
			isa = PBXVariantGroup;
			children = (
				AEC6F5E718999E5200A40AA8 /* en */,
			);
			name = InfoPlist.strings;
			sourceTree = "<group>";
		};
		AEC6F5EF18999E5200A40AA8 /* Main_iPhone.storyboard */ = {
			isa = PBXVariantGroup;
			children = (
				AEC6F5F018999E5200A40AA8 /* Base */,
			);
			name = Main_iPhone.storyboard;
			sourceTree = "<group>";
		};
		AEC6F5F218999E5200A40AA8 /* Main_iPad.storyboard */ = {
			isa = PBXVariantGroup;
			children = (
				AEC6F5F318999E5200A40AA8 /* Base */,
			);
			name = Main_iPad.storyboard;
			sourceTree = "<group>";
		};
		AEC6F60D18999E5200A40AA8 /* InfoPlist.strings */ = {
			isa = PBXVariantGroup;
			children = (
				AEC6F60E18999E5200A40AA8 /* en */,
			);
			name = InfoPlist.strings;
			sourceTree = "<group>";
		};
/* End PBXVariantGroup section */

/* Begin XCBuildConfiguration section */
		AEC6F61218999E5200A40AA8 /* Debug */ = {
			isa = XCBuildConfiguration;
			buildSettings = {
				ALWAYS_SEARCH_USER_PATHS = NO;
				ARCHS = "$(ARCHS_STANDARD_INCLUDING_64_BIT)";
				CLANG_CXX_LANGUAGE_STANDARD = "gnu++0x";
				CLANG_CXX_LIBRARY = "libc++";
				CLANG_ENABLE_MODULES = YES;
				CLANG_ENABLE_OBJC_ARC = YES;
				CLANG_WARN_BOOL_CONVERSION = YES;
				CLANG_WARN_CONSTANT_CONVERSION = YES;
				CLANG_WARN_DIRECT_OBJC_ISA_USAGE = YES_ERROR;
				CLANG_WARN_EMPTY_BODY = YES;
				CLANG_WARN_ENUM_CONVERSION = YES;
				CLANG_WARN_INT_CONVERSION = YES;
				CLANG_WARN_OBJC_ROOT_CLASS = YES_ERROR;
				CLANG_WARN__DUPLICATE_METHOD_MATCH = YES;
				"CODE_SIGN_IDENTITY[sdk=iphoneos*]" = "iPhone Developer";
				COPY_PHASE_STRIP = NO;
				GCC_C_LANGUAGE_STANDARD = gnu99;
				GCC_DYNAMIC_NO_PIC = NO;
				GCC_OPTIMIZATION_LEVEL = 0;
				GCC_PREPROCESSOR_DEFINITIONS = (
					"DEBUG=1",
					"$(inherited)",
				);
				GCC_SYMBOLS_PRIVATE_EXTERN = NO;
				GCC_WARN_64_TO_32_BIT_CONVERSION = YES;
				GCC_WARN_ABOUT_RETURN_TYPE = YES_ERROR;
				GCC_WARN_UNDECLARED_SELECTOR = YES;
				GCC_WARN_UNINITIALIZED_AUTOS = YES;
				GCC_WARN_UNUSED_FUNCTION = YES;
				GCC_WARN_UNUSED_VARIABLE = YES;
				IPHONEOS_DEPLOYMENT_TARGET = 7.0;
				ONLY_ACTIVE_ARCH = YES;
				SDKROOT = iphoneos;
				TARGETED_DEVICE_FAMILY = "1,2";
			};
			name = Debug;
		};
		AEC6F61318999E5200A40AA8 /* Release */ = {
			isa = XCBuildConfiguration;
			buildSettings = {
				ALWAYS_SEARCH_USER_PATHS = NO;
				ARCHS = "$(ARCHS_STANDARD_INCLUDING_64_BIT)";
				CLANG_CXX_LANGUAGE_STANDARD = "gnu++0x";
				CLANG_CXX_LIBRARY = "libc++";
				CLANG_ENABLE_MODULES = YES;
				CLANG_ENABLE_OBJC_ARC = YES;
				CLANG_WARN_BOOL_CONVERSION = YES;
				CLANG_WARN_CONSTANT_CONVERSION = YES;
				CLANG_WARN_DIRECT_OBJC_ISA_USAGE = YES_ERROR;
				CLANG_WARN_EMPTY_BODY = YES;
				CLANG_WARN_ENUM_CONVERSION = YES;
				CLANG_WARN_INT_CONVERSION = YES;
				CLANG_WARN_OBJC_ROOT_CLASS = YES_ERROR;
				CLANG_WARN__DUPLICATE_METHOD_MATCH = YES;
				"CODE_SIGN_IDENTITY[sdk=iphoneos*]" = "iPhone Developer";
				COPY_PHASE_STRIP = YES;
				ENABLE_NS_ASSERTIONS = NO;
				GCC_C_LANGUAGE_STANDARD = gnu99;
				GCC_WARN_64_TO_32_BIT_CONVERSION = YES;
				GCC_WARN_ABOUT_RETURN_TYPE = YES_ERROR;
				GCC_WARN_UNDECLARED_SELECTOR = YES;
				GCC_WARN_UNINITIALIZED_AUTOS = YES;
				GCC_WARN_UNUSED_FUNCTION = YES;
				GCC_WARN_UNUSED_VARIABLE = YES;
				IPHONEOS_DEPLOYMENT_TARGET = 7.0;
				SDKROOT = iphoneos;
				TARGETED_DEVICE_FAMILY = "1,2";
				VALIDATE_PRODUCT = YES;
			};
			name = Release;
		};
		AEC6F61518999E5200A40AA8 /* Debug */ = {
			isa = XCBuildConfiguration;
			buildSettings = {
				ASSETCATALOG_COMPILER_APPICON_NAME = AppIcon;
				ASSETCATALOG_COMPILER_LAUNCHIMAGE_NAME = LaunchImage;
				CODE_SIGN_IDENTITY = "iPhone Developer";
				"CODE_SIGN_IDENTITY[sdk=iphoneos*]" = "iPhone Developer";
				FRAMEWORK_SEARCH_PATHS = (
					"$(inherited)",
					"/Users/andrewpaterson/Dropbox/Coding/Floppy\\ Fish",
				);
				GCC_PRECOMPILE_PREFIX_HEADER = YES;
				GCC_PREFIX_HEADER = "Floppy Fish/Fish Dash-Prefix.pch";
				INFOPLIST_FILE = "$(SRCROOT)/Floppy Fish/Fish Dash-Info.plist";
				IPHONEOS_DEPLOYMENT_TARGET = 7.0;
				LIBRARY_SEARCH_PATHS = (
					"$(inherited)",
					"/Users/andrewpaterson/Dropbox/Coding/Floppy\\ Fish/GoogleAnalyticsServicesiOS_3.03a",
				);
				PRODUCT_NAME = "Fish Dash";
				PROVISIONING_PROFILE = "";
				SPRITEKIT_TEXTURE_ATLAS_OUTPUT = YES;
				WRAPPER_EXTENSION = app;
			};
			name = Debug;
		};
		AEC6F61618999E5200A40AA8 /* Release */ = {
			isa = XCBuildConfiguration;
			buildSettings = {
				ASSETCATALOG_COMPILER_APPICON_NAME = AppIcon;
				ASSETCATALOG_COMPILER_LAUNCHIMAGE_NAME = LaunchImage;
				CODE_SIGN_IDENTITY = "iPhone Developer";
				"CODE_SIGN_IDENTITY[sdk=iphoneos*]" = "iPhone Developer";
				FRAMEWORK_SEARCH_PATHS = (
					"$(inherited)",
					"/Users/andrewpaterson/Dropbox/Coding/Floppy\\ Fish",
				);
				GCC_PRECOMPILE_PREFIX_HEADER = YES;
				GCC_PREFIX_HEADER = "Floppy Fish/Fish Dash-Prefix.pch";
				INFOPLIST_FILE = "$(SRCROOT)/Floppy Fish/Fish Dash-Info.plist";
				IPHONEOS_DEPLOYMENT_TARGET = 7.0;
				LIBRARY_SEARCH_PATHS = (
					"$(inherited)",
					"/Users/andrewpaterson/Dropbox/Coding/Floppy\\ Fish/GoogleAnalyticsServicesiOS_3.03a",
				);
				PRODUCT_NAME = "Fish Dash";
				PROVISIONING_PROFILE = "";
				SPRITEKIT_TEXTURE_ATLAS_OUTPUT = YES;
				WRAPPER_EXTENSION = app;
			};
			name = Release;
		};
		AEC6F61818999E5200A40AA8 /* Debug */ = {
			isa = XCBuildConfiguration;
			buildSettings = {
				ARCHS = "$(ARCHS_STANDARD_INCLUDING_64_BIT)";
				BUNDLE_LOADER = "$(BUILT_PRODUCTS_DIR)/Floppy Fish.app/Floppy Fish";
				FRAMEWORK_SEARCH_PATHS = (
					"$(SDKROOT)/Developer/Library/Frameworks",
					"$(inherited)",
					"$(DEVELOPER_FRAMEWORKS_DIR)",
				);
				GCC_PRECOMPILE_PREFIX_HEADER = YES;
				GCC_PREFIX_HEADER = "Floppy Fish/Floppy Fish-Prefix.pch";
				GCC_PREPROCESSOR_DEFINITIONS = (
					"DEBUG=1",
					"$(inherited)",
				);
				INFOPLIST_FILE = "Floppy FishTests/Fish DashTests-Info.plist";
				PRODUCT_NAME = "Fish DashTests";
				TEST_HOST = "$(BUNDLE_LOADER)";
				WRAPPER_EXTENSION = xctest;
			};
			name = Debug;
		};
		AEC6F61918999E5200A40AA8 /* Release */ = {
			isa = XCBuildConfiguration;
			buildSettings = {
				ARCHS = "$(ARCHS_STANDARD_INCLUDING_64_BIT)";
				BUNDLE_LOADER = "$(BUILT_PRODUCTS_DIR)/Floppy Fish.app/Floppy Fish";
				FRAMEWORK_SEARCH_PATHS = (
					"$(SDKROOT)/Developer/Library/Frameworks",
					"$(inherited)",
					"$(DEVELOPER_FRAMEWORKS_DIR)",
				);
				GCC_PRECOMPILE_PREFIX_HEADER = YES;
				GCC_PREFIX_HEADER = "Floppy Fish/Floppy Fish-Prefix.pch";
				INFOPLIST_FILE = "Floppy FishTests/Fish DashTests-Info.plist";
				PRODUCT_NAME = "Fish DashTests";
				TEST_HOST = "$(BUNDLE_LOADER)";
				WRAPPER_EXTENSION = xctest;
			};
			name = Release;
		};
/* End XCBuildConfiguration section */

/* Begin XCConfigurationList section */
		AEC6F5D318999E5200A40AA8 /* Build configuration list for PBXProject "Fish Dash" */ = {
			isa = XCConfigurationList;
			buildConfigurations = (
				AEC6F61218999E5200A40AA8 /* Debug */,
				AEC6F61318999E5200A40AA8 /* Release */,
			);
			defaultConfigurationIsVisible = 0;
			defaultConfigurationName = Release;
		};
		AEC6F61418999E5200A40AA8 /* Build configuration list for PBXNativeTarget "Fish Dash" */ = {
			isa = XCConfigurationList;
			buildConfigurations = (
				AEC6F61518999E5200A40AA8 /* Debug */,
				AEC6F61618999E5200A40AA8 /* Release */,
			);
			defaultConfigurationIsVisible = 0;
			defaultConfigurationName = Release;
		};
		AEC6F61718999E5200A40AA8 /* Build configuration list for PBXNativeTarget "Fish DashTests" */ = {
			isa = XCConfigurationList;
			buildConfigurations = (
				AEC6F61818999E5200A40AA8 /* Debug */,
				AEC6F61918999E5200A40AA8 /* Release */,
			);
			defaultConfigurationIsVisible = 0;
			defaultConfigurationName = Release;
		};
/* End XCConfigurationList section */
	};
	rootObject = AEC6F5D018999E5200A40AA8 /* Project object */;
}
